# Generated by pub
# See https://dart.dev/tools/pub/glossary#lockfile
packages:
  _flutterfire_internals:
    dependency: transitive
    description:
      name: _flutterfire_internals
<<<<<<< HEAD
      sha256: "6215ac7d00ed98300b72f45ed2b38c2ca841f9f4e6965fab33cbd591e45e4473"
      url: "https://pub.dev"
=======
      url: "https://pub.dartlang.org"
>>>>>>> main
    source: hosted
    version: "1.0.13"
  async:
    dependency: transitive
    description:
      name: async
      url: "https://pub.dartlang.org"
    source: hosted
    version: "2.9.0"
  boolean_selector:
    dependency: transitive
    description:
      name: boolean_selector
      url: "https://pub.dartlang.org"
    source: hosted
    version: "2.1.0"
  characters:
    dependency: transitive
    description:
      name: characters
      url: "https://pub.dartlang.org"
    source: hosted
    version: "1.2.1"
  clock:
    dependency: transitive
    description:
      name: clock
      url: "https://pub.dartlang.org"
    source: hosted
    version: "1.1.1"
  cloud_firestore:
    dependency: "direct main"
    description:
      name: cloud_firestore
      url: "https://pub.dartlang.org"
    source: hosted
    version: "4.3.2"
  cloud_firestore_platform_interface:
    dependency: transitive
    description:
      name: cloud_firestore_platform_interface
      url: "https://pub.dartlang.org"
    source: hosted
    version: "5.10.2"
  cloud_firestore_web:
    dependency: transitive
    description:
      name: cloud_firestore_web
      url: "https://pub.dartlang.org"
    source: hosted
    version: "3.2.2"
  collection:
    dependency: transitive
    description:
      name: collection
      url: "https://pub.dartlang.org"
    source: hosted
    version: "1.16.0"
  cupertino_icons:
    dependency: "direct main"
    description:
      name: cupertino_icons
      url: "https://pub.dartlang.org"
    source: hosted
    version: "1.0.5"
  fake_async:
    dependency: transitive
    description:
      name: fake_async
      url: "https://pub.dartlang.org"
    source: hosted
    version: "1.3.1"
  firebase_auth:
    dependency: "direct main"
    description:
      name: firebase_auth
<<<<<<< HEAD
      sha256: "843e307e9b7faa026dd9970e584b5d53265fb5a0c4323883fecdce89ec05d56a"
      url: "https://pub.dev"
=======
      url: "https://pub.dartlang.org"
>>>>>>> main
    source: hosted
    version: "4.2.6"
  firebase_auth_platform_interface:
    dependency: transitive
    description:
      name: firebase_auth_platform_interface
<<<<<<< HEAD
      sha256: "8702baa08ad5aa6daa023082d612ca168bf3f7de81e3d56e1df18321f76d675f"
      url: "https://pub.dev"
=======
      url: "https://pub.dartlang.org"
>>>>>>> main
    source: hosted
    version: "6.11.8"
  firebase_auth_web:
    dependency: transitive
    description:
      name: firebase_auth_web
<<<<<<< HEAD
      sha256: "0c01b9c772ee730df03ac92102e538873558f908d6e42602f6ff9c61dead8d58"
      url: "https://pub.dev"
=======
      url: "https://pub.dartlang.org"
>>>>>>> main
    source: hosted
    version: "5.2.5"
  firebase_core:
    dependency: "direct main"
    description:
      name: firebase_core
<<<<<<< HEAD
      sha256: be13e431c0c950f0fc66bdb67b41b8059121d7e7d8bbbc21fb59164892d561f8
      url: "https://pub.dev"
=======
      url: "https://pub.dartlang.org"
>>>>>>> main
    source: hosted
    version: "2.5.0"
  firebase_core_platform_interface:
    dependency: transitive
    description:
      name: firebase_core_platform_interface
<<<<<<< HEAD
      sha256: "5615b30c36f55b2777d0533771deda7e5730e769e5d3cb7fda79e9bed86cfa55"
      url: "https://pub.dev"
=======
      url: "https://pub.dartlang.org"
>>>>>>> main
    source: hosted
    version: "4.5.3"
  firebase_core_web:
    dependency: transitive
    description:
      name: firebase_core_web
<<<<<<< HEAD
      sha256: "4b3a41410f3313bb95fd560aa5eb761b6ad65c185de772c72231e8b4aeed6d18"
      url: "https://pub.dev"
=======
      url: "https://pub.dartlang.org"
>>>>>>> main
    source: hosted
    version: "2.1.1"
  flutter:
    dependency: "direct main"
    description: flutter
    source: sdk
    version: "0.0.0"
  flutter_lints:
    dependency: "direct dev"
    description:
      name: flutter_lints
      url: "https://pub.dartlang.org"
    source: hosted
    version: "2.0.1"
  flutter_test:
    dependency: "direct dev"
    description: flutter
    source: sdk
    version: "0.0.0"
  flutter_web_plugins:
    dependency: transitive
    description: flutter
    source: sdk
    version: "0.0.0"
<<<<<<< HEAD
=======
  get:
    dependency: "direct main"
    description:
      name: get
      url: "https://pub.dartlang.org"
    source: hosted
    version: "4.6.5"
>>>>>>> main
  http_parser:
    dependency: transitive
    description:
      name: http_parser
<<<<<<< HEAD
      sha256: "2aa08ce0341cc9b354a498388e30986515406668dbcc4f7c950c3e715496693b"
      url: "https://pub.dev"
=======
      url: "https://pub.dartlang.org"
>>>>>>> main
    source: hosted
    version: "4.0.2"
  intl:
    dependency: transitive
    description:
      name: intl
<<<<<<< HEAD
      sha256: "910f85bce16fb5c6f614e117efa303e85a1731bb0081edf3604a2ae6e9a3cc91"
      url: "https://pub.dev"
=======
      url: "https://pub.dartlang.org"
>>>>>>> main
    source: hosted
    version: "0.17.0"
  js:
    dependency: transitive
    description:
      name: js
      url: "https://pub.dartlang.org"
    source: hosted
    version: "0.6.4"
  lints:
    dependency: transitive
    description:
      name: lints
      url: "https://pub.dartlang.org"
    source: hosted
    version: "2.0.1"
  matcher:
    dependency: transitive
    description:
      name: matcher
      url: "https://pub.dartlang.org"
    source: hosted
    version: "0.12.12"
  material_color_utilities:
    dependency: transitive
    description:
      name: material_color_utilities
      url: "https://pub.dartlang.org"
    source: hosted
    version: "0.1.5"
  meta:
    dependency: transitive
    description:
      name: meta
      url: "https://pub.dartlang.org"
    source: hosted
    version: "1.8.0"
  path:
    dependency: transitive
    description:
      name: path
      url: "https://pub.dartlang.org"
    source: hosted
    version: "1.8.2"
  plugin_platform_interface:
    dependency: transitive
    description:
      name: plugin_platform_interface
<<<<<<< HEAD
      sha256: dbf0f707c78beedc9200146ad3cb0ab4d5da13c246336987be6940f026500d3a
      url: "https://pub.dev"
=======
      url: "https://pub.dartlang.org"
>>>>>>> main
    source: hosted
    version: "2.1.3"
  sky_engine:
    dependency: transitive
    description: flutter
    source: sdk
    version: "0.0.99"
  source_span:
    dependency: transitive
    description:
      name: source_span
      url: "https://pub.dartlang.org"
    source: hosted
    version: "1.9.0"
  stack_trace:
    dependency: transitive
    description:
      name: stack_trace
      url: "https://pub.dartlang.org"
    source: hosted
    version: "1.10.0"
  stream_channel:
    dependency: transitive
    description:
      name: stream_channel
      url: "https://pub.dartlang.org"
    source: hosted
    version: "2.1.0"
  string_scanner:
    dependency: transitive
    description:
      name: string_scanner
      url: "https://pub.dartlang.org"
    source: hosted
    version: "1.1.1"
  term_glyph:
    dependency: transitive
    description:
      name: term_glyph
      url: "https://pub.dartlang.org"
    source: hosted
    version: "1.2.1"
  test_api:
    dependency: transitive
    description:
      name: test_api
      url: "https://pub.dartlang.org"
    source: hosted
<<<<<<< HEAD
    version: "0.4.16"
=======
    version: "0.4.12"
>>>>>>> main
  typed_data:
    dependency: transitive
    description:
      name: typed_data
<<<<<<< HEAD
      sha256: "26f87ade979c47a150c9eaab93ccd2bebe70a27dc0b4b29517f2904f04eb11a5"
      url: "https://pub.dev"
=======
      url: "https://pub.dartlang.org"
>>>>>>> main
    source: hosted
    version: "1.3.1"
  vector_math:
    dependency: transitive
    description:
      name: vector_math
      url: "https://pub.dartlang.org"
    source: hosted
    version: "2.1.2"
sdks:
<<<<<<< HEAD
  dart: ">=2.18.0 <3.0.0"
=======
  dart: ">=2.17.0 <3.0.0"
>>>>>>> main
  flutter: ">=1.20.0"
